
Microsoft Visual Studio Solution File, Format Version 12.00
Project("{FAE04EC0-301F-11D3-BF4B-00C04F79EFBC}") = "AirlinesBookingSystem", "AirlinesBookingSystem\AirlinesBookingSystem.csproj", "{7839933A-C678-4F64-A1EB-799675992A44}"
EndProject
Project("{2150E333-8FDC-42A3-9474-1A3956D46DE8}") = "Solution Items", "Solution Items", "{243785CD-6A41-42CD-A747-69F8F0F3571C}"
EndProject
Project("{FAE04EC0-301F-11D3-BF4B-00C04F79EFBC}") = "Orchestrator", "Orchestrator\Orchestrator.csproj", "{76360B29-27ED-40AD-AE9E-B762EAFDBDD1}"
EndProject
Project("{FAE04EC0-301F-11D3-BF4B-00C04F79EFBC}") = "Shared", "Shared\Shared.csproj", "{43DEA01E-A153-4B8B-9401-447D57BBA5FC}"
EndProject
Project("{FAE04EC0-301F-11D3-BF4B-00C04F79EFBC}") = "PaymentService", "PaymentService\PaymentService.csproj", "{066AA032-FEB0-4C6F-8322-73B09088CB79}"
EndProject
Project("{FAE04EC0-301F-11D3-BF4B-00C04F79EFBC}") = "MongoReadModel", "MongoReadModel\MongoReadModel.csproj", "{DC3514B0-D5D9-454F-B58B-775B780DEDCE}"
EndProject
Global
	GlobalSection(SolutionConfigurationPlatforms) = preSolution
		Debug|Any CPU = Debug|Any CPU
		Release|Any CPU = Release|Any CPU
	EndGlobalSection
	GlobalSection(ProjectConfigurationPlatforms) = postSolution
		{7839933A-C678-4F64-A1EB-799675992A44}.Debug|Any CPU.ActiveCfg = Debug|Any CPU
		{7839933A-C678-4F64-A1EB-799675992A44}.Debug|Any CPU.Build.0 = Debug|Any CPU
		{7839933A-C678-4F64-A1EB-799675992A44}.Release|Any CPU.ActiveCfg = Release|Any CPU
		{7839933A-C678-4F64-A1EB-799675992A44}.Release|Any CPU.Build.0 = Release|Any CPU
		{76360B29-27ED-40AD-AE9E-B762EAFDBDD1}.Debug|Any CPU.ActiveCfg = Debug|Any CPU
		{76360B29-27ED-40AD-AE9E-B762EAFDBDD1}.Debug|Any CPU.Build.0 = Debug|Any CPU
		{76360B29-27ED-40AD-AE9E-B762EAFDBDD1}.Release|Any CPU.ActiveCfg = Release|Any CPU
		{76360B29-27ED-40AD-AE9E-B762EAFDBDD1}.Release|Any CPU.Build.0 = Release|Any CPU
		{43DEA01E-A153-4B8B-9401-447D57BBA5FC}.Debug|Any CPU.ActiveCfg = Debug|Any CPU
		{43DEA01E-A153-4B8B-9401-447D57BBA5FC}.Debug|Any CPU.Build.0 = Debug|Any CPU
		{43DEA01E-A153-4B8B-9401-447D57BBA5FC}.Release|Any CPU.ActiveCfg = Release|Any CPU
		{43DEA01E-A153-4B8B-9401-447D57BBA5FC}.Release|Any CPU.Build.0 = Release|Any CPU
		{066AA032-FEB0-4C6F-8322-73B09088CB79}.Debug|Any CPU.ActiveCfg = Debug|Any CPU
		{066AA032-FEB0-4C6F-8322-73B09088CB79}.Debug|Any CPU.Build.0 = Debug|Any CPU
		{066AA032-FEB0-4C6F-8322-73B09088CB79}.Release|Any CPU.ActiveCfg = Release|Any CPU
		{066AA032-FEB0-4C6F-8322-73B09088CB79}.Release|Any CPU.Build.0 = Release|Any CPU
		{DC3514B0-D5D9-454F-B58B-775B780DEDCE}.Debug|Any CPU.ActiveCfg = Debug|Any CPU
		{DC3514B0-D5D9-454F-B58B-775B780DEDCE}.Debug|Any CPU.Build.0 = Debug|Any CPU
		{DC3514B0-D5D9-454F-B58B-775B780DEDCE}.Release|Any CPU.ActiveCfg = Release|Any CPU
		{DC3514B0-D5D9-454F-B58B-775B780DEDCE}.Release|Any CPU.Build.0 = Release|Any CPU
	EndGlobalSection
EndGlobal
